# THIS IS AN AUTOGENERATED FILE. DO NOT EDIT THIS FILE DIRECTLY.
# yarn lockfile v1


"ajv@^5.3.0":
  "integrity" "sha1-c7Xuyj+rZT49P5Qis0GtQiBdyWU= sha512-Ajr4IcMXq/2QmMkEmSvxqfLN5zGmJ92gHXAeOXq1OekoH2rfDNsgdDoL2f7QaRCy7G/E6TpxBVdRuNraMztGHw=="
  "resolved" "https://registry.npmjs.org/ajv/-/ajv-5.5.2.tgz"
  "version" "5.5.2"
  dependencies:
    "co" "^4.6.0"
    "fast-deep-equal" "^1.0.0"
    "fast-json-stable-stringify" "^2.0.0"
    "json-schema-traverse" "^0.3.0"

"asn1@~0.2.3":
  "integrity" "sha512-jxwzQpLQjSmWXgwaCZE9Nz+glAG01yF1QnWgbhGwHI5A6FRIEY6IVqtHhIepHqI7/kyEyQEagBC5mBEFlIYvdg=="
  "resolved" "https://registry.npmjs.org/asn1/-/asn1-0.2.4.tgz"
  "version" "0.2.4"
  dependencies:
    "safer-buffer" "~2.1.0"

"assert-plus@^1.0.0", "assert-plus@1.0.0":
  "integrity" "sha1-8S4PPF13sLHN2RRpQuTpbB5N1SU= sha512-NfJ4UzBCcQGLDlQq7nHxH+tv3kyZ0hHQqF5BO6J7tNJeP5do1llPr8dZ8zHonfhAu0PHAdMkSo+8o0wxg9lZWw=="
  "resolved" "https://registry.npmjs.org/assert-plus/-/assert-plus-1.0.0.tgz"
  "version" "1.0.0"

"async@^2.6.0":
  "integrity" "sha512-fNEiL2+AZt6AlAw/29Cr0UDe4sRAHCpEHh54WMz+Bb7QfNcFw4h3loofyJpLeQs4Yx7yuqu/2dLgM5hKOs6HlQ=="
  "resolved" "https://registry.npmjs.org/async/-/async-2.6.1.tgz"
  "version" "2.6.1"
  dependencies:
    "lodash" "^4.17.10"

"asynckit@^0.4.0":
  "integrity" "sha1-x57Zf380y48robyXkLzDZkdLS3k= sha512-Oei9OH4tRh0YqU3GxhX79dM/mwVgvbZJaSNaRk+bshkj0S5cfHcgYakreBjrHwatXKbz+IoIdYLxrKim2MjW0Q=="
  "resolved" "https://registry.npmjs.org/asynckit/-/asynckit-0.4.0.tgz"
  "version" "0.4.0"

"aws-sign2@~0.7.0":
  "integrity" "sha1-tG6JCTSpWR8tL2+G1+ap8bP+dqg= sha512-08kcGqnYf/YmjoRhfxyu+CLxBjUtHLXLXX/vUfx9l2LYzG3c1m61nrpyFUZI6zeS+Li/wWMMidD9KgrqtGq3mA=="
  "resolved" "https://registry.npmjs.org/aws-sign2/-/aws-sign2-0.7.0.tgz"
  "version" "0.7.0"

"aws4@^1.8.0":
  "integrity" "sha512-ReZxvNHIOv88FlT7rxcXIIC0fPt4KZqZbOlivyWtXLt8ESx84zd3kMC6iK5jVeS2qt+g7ftS7ye4fi06X5rtRQ=="
  "resolved" "https://registry.npmjs.org/aws4/-/aws4-1.8.0.tgz"
  "version" "1.8.0"

"balanced-match@^1.0.0":
  "integrity" "sha1-ibTRmasr7kneFk6gK4nORi1xt2c= sha512-9Y0g0Q8rmSt+H33DfKv7FOc3v+iRI+o1lbzt8jGcIosYW37IIW/2XVYq5NPdmaD5NQ59Nk26Kl/vZbwW9Fr8vg=="
  "resolved" "https://registry.npmjs.org/balanced-match/-/balanced-match-1.0.0.tgz"
  "version" "1.0.0"

"bcrypt-pbkdf@^1.0.0":
  "integrity" "sha1-pDAdOJtqQ/m2f/PKEaP2Y342Dp4= sha512-qeFIXtP4MSoi6NLqO12WfqARWWuCKi2Rn/9hJLEmtB5yTNr9DqFWkJRCf2qShWzPeAMRnOgCrq0sg/KLv5ES9w=="
  "resolved" "https://registry.npmjs.org/bcrypt-pbkdf/-/bcrypt-pbkdf-1.0.2.tgz"
  "version" "1.0.2"
  dependencies:
    "tweetnacl" "^0.14.3"

"bluebird@^3.5.0":
  "integrity" "sha512-dhHTWMI7kMx5whMQntl7Vr9C6BvV10lFXDAasnqnrMYhXVCzzk6IO9Fo2L75jXHT07WrOngL1WDXOp+yYS91Yg=="
  "resolved" "https://registry.npmjs.org/bluebird/-/bluebird-3.5.2.tgz"
  "version" "3.5.2"

"brace-expansion@^1.1.7":
  "integrity" "sha512-iCuPHDFgrHX7H2vEI/5xpz07zSHB00TpugqhmYtVmMO6518mCuRMoOYFldEBl0g187ufozdaHgWKcYFb61qGiA=="
  "resolved" "https://registry.npmjs.org/brace-expansion/-/brace-expansion-1.1.11.tgz"
  "version" "1.1.11"
  dependencies:
    "balanced-match" "^1.0.0"
    "concat-map" "0.0.1"

"browser-stdout@1.3.1":
  "integrity" "sha512-qhAVI1+Av2X7qelOfAIYwXONood6XlZE/fXaBSmW/T5SzLAmCgzi+eiWE7fUvbHaeNBQH13UftjpXxsfLkMpgw=="
  "resolved" "https://registry.npmjs.org/browser-stdout/-/browser-stdout-1.3.1.tgz"
  "version" "1.3.1"

"caseless@~0.12.0":
  "integrity" "sha1-G2gcIf+EAzyCZUMJBolCDRhxUdw= sha512-4tYFyifaFfGacoiObjJegolkwSU4xQNGbVgUiNYVUxbQ2x2lUsFvY4hVgVzGiIe6WLOPqycWXA40l+PWsxthUw=="
  "resolved" "https://registry.npmjs.org/caseless/-/caseless-0.12.0.tgz"
  "version" "0.12.0"

"co@^4.6.0":
  "integrity" "sha1-bqa989hTrlTMuOR7+gvz+QMfsYQ= sha512-QVb0dM5HvG+uaxitm8wONl7jltx8dqhfU33DcqtOZcLSVIKSDDLDi7+0LbAKiyI8hD9u42m2YxXSkMGWThaecQ=="
  "resolved" "https://registry.npmjs.org/co/-/co-4.6.0.tgz"
  "version" "4.6.0"

"color-convert@^1.9.1":
  "integrity" "sha512-QfAUtd+vFdAtFQcC8CCyYt1fYWxSqAiK2cSD6zDB8N3cpsEBAvRxp9zOGg6G/SHHJYAT88/az/IuDGALsNVbGg=="
  "resolved" "https://registry.npmjs.org/color-convert/-/color-convert-1.9.3.tgz"
  "version" "1.9.3"
  dependencies:
    "color-name" "1.1.3"

"color-name@^1.0.0", "color-name@1.1.3":
  "integrity" "sha1-p9BVi9icQveV3UIyj3QIMcpTvCU= sha512-72fSenhMw2HZMTVHeCA9KCmpEIbzWiQsjN+BHcBbS9vr1mtt+vJjPdksIBNUmKAW8TFUDPJK5SUU3QhE9NEXDw=="
  "resolved" "https://registry.npmjs.org/color-name/-/color-name-1.1.3.tgz"
  "version" "1.1.3"

"color-string@^1.5.2":
  "integrity" "sha512-dC2C5qeWoYkxki5UAXapdjqO672AM4vZuPGRQfO8b5HKuKGBbKWpITyDYN7TOFKvRW7kOgAn3746clDBMDJyQw=="
  "resolved" "https://registry.npmjs.org/color-string/-/color-string-1.5.3.tgz"
  "version" "1.5.3"
  dependencies:
    "color-name" "^1.0.0"
    "simple-swizzle" "^0.2.2"

"color@3.0.x":
  "integrity" "sha512-jCpd5+s0s0t7p3pHQKpnJ0TpQKKdleP71LWcA0aqiljpiuAkOSUFN/dyH8ZwF0hRmFlrIuRhufds1QyEP9EB+w=="
  "resolved" "https://registry.npmjs.org/color/-/color-3.0.0.tgz"
  "version" "3.0.0"
  dependencies:
    "color-convert" "^1.9.1"
    "color-string" "^1.5.2"

"colornames@^1.1.1":
  "integrity" "sha1-+IiQMGhcfE/54qVZ9Qd+t2qBb5Y= sha512-/pyV40IrsdulWv+wFPmERh9k/mjsPZ64yUMDmWrtj/k1nmgrzzIENWKdaVKyBbvFdQWqkcaRxr+polCo3VMe7A=="
  "resolved" "https://registry.npmjs.org/colornames/-/colornames-1.1.1.tgz"
  "version" "1.1.1"

"colors@^1.2.1":
  "integrity" "sha512-rhP0JSBGYvpcNQj4s5AdShMeE5ahMop96cTeDl/v9qQQm2fYClE2QXZRi8wLzc+GmXSxdIqqbOIAhyObEXDbfQ=="
  "resolved" "https://registry.npmjs.org/colors/-/colors-1.3.2.tgz"
  "version" "1.3.2"

"colorspace@1.1.x":
  "integrity" "sha512-pI3btWyiuz7Ken0BWh9Elzsmv2bM9AhA7psXib4anUXy/orfZ/E0MbQwhSOG/9L8hLlalqrU0UhOuqxW1YjmVw=="
  "resolved" "https://registry.npmjs.org/colorspace/-/colorspace-1.1.1.tgz"
  "version" "1.1.1"
  dependencies:
    "color" "3.0.x"
    "text-hex" "1.0.x"

"combined-stream@~1.0.6":
  "integrity" "sha512-brWl9y6vOB1xYPZcpZde3N9zDByXTosAeMDo4p1wzo6UMOX4vumB+TP1RZ76sfE6Md68Q0NJSrE/gbezd4Ul+w=="
  "resolved" "https://registry.npmjs.org/combined-stream/-/combined-stream-1.0.7.tgz"
  "version" "1.0.7"
  dependencies:
    "delayed-stream" "~1.0.0"

"combined-stream@1.0.6":
  "integrity" "sha1-cj599ugBrFYTETp+RFqbactjKBg= sha512-cN6NJ9NnPLDiP/CpmVC1knLFqNjD9Hi1vPsacL/WQP3v8cqVbZpbpX6NHmYJo2fR4B80CgE4cEgPWiDauAQzPw=="
  "resolved" "https://registry.npmjs.org/combined-stream/-/combined-stream-1.0.6.tgz"
  "version" "1.0.6"
  dependencies:
    "delayed-stream" "~1.0.0"

"commander@2.15.1":
  "integrity" "sha512-VlfT9F3V0v+jr4yxPc5gg9s62/fIVWsd2Bk2iD435um1NlGMYdVCq+MjcXnhYq2icNOizHr1kK+5TI6H0Hy0ag=="
  "resolved" "https://registry.npmjs.org/commander/-/commander-2.15.1.tgz"
  "version" "2.15.1"

"concat-map@0.0.1":
  "integrity" "sha1-2Klr13/Wjfd5OnMDajug1UBdR3s= sha512-/Srv4dswyQNBfohGpz9o6Yb3Gz3SrUDqBH5rTuhGR7ahtlbYKnVxw2bCFMRljaA7EXHaXZ8wsHdodFvbkhKmqg=="
  "resolved" "https://registry.npmjs.org/concat-map/-/concat-map-0.0.1.tgz"
  "version" "0.0.1"

"core-util-is@~1.0.0", "core-util-is@1.0.2":
  "integrity" "sha1-tf1UIgqivFq1eqtxQMlAdUUDwac= sha512-3lqz5YjWTYnW6dlDa5TLaTCcShfar1e40rmcJVwCBJC6mWlFuj0eCHIElmG1g5kyuJ/GD+8Wn4FFCcz4gJPfaQ=="
  "resolved" "https://registry.npmjs.org/core-util-is/-/core-util-is-1.0.2.tgz"
  "version" "1.0.2"

"dashdash@^1.12.0":
  "integrity" "sha1-hTz6D3y+L+1d4gMmuN1YEDX24vA= sha512-jRFi8UDGo6j+odZiEpjazZaWqEal3w/basFjQHQEwVtZJGDpxbH1MeYluwCS8Xq5wmLJooDlMgvVarmWfGM44g=="
  "resolved" "https://registry.npmjs.org/dashdash/-/dashdash-1.14.1.tgz"
  "version" "1.14.1"
  dependencies:
    "assert-plus" "^1.0.0"

"debug@3.1.0":
  "integrity" "sha512-OX8XqP7/1a9cqkxYw2yXss15f26NKWBpDXQd0/uK/KPqdQhxbPa994hnzjcE2VqQpDslf55723cKPUOGSmMY3g=="
  "resolved" "https://registry.npmjs.org/debug/-/debug-3.1.0.tgz"
  "version" "3.1.0"
  dependencies:
    "ms" "2.0.0"

"delayed-stream@~1.0.0":
  "integrity" "sha1-3zrhmayt+31ECqrgsp4icrJOxhk= sha512-ZySD7Nf91aLB0RxL4KGrKHBXl7Eds1DAmEdcoVawXnLD7SDhpNgtuII2aAkg7a7QS41jxPSZ17p4VdGnMHk3MQ=="
  "resolved" "https://registry.npmjs.org/delayed-stream/-/delayed-stream-1.0.0.tgz"
  "version" "1.0.0"

"diagnostics@^1.1.1":
  "integrity" "sha512-8wn1PmdunLJ9Tqbx+Fx/ZEuHfJf4NKSN2ZBj7SJC/OWRWha843+WsTjqMe1B5E3p28jqBlp+mJ2fPVxPyNgYKQ=="
  "resolved" "https://registry.npmjs.org/diagnostics/-/diagnostics-1.1.1.tgz"
  "version" "1.1.1"
  dependencies:
    "colorspace" "1.1.x"
    "enabled" "1.0.x"
    "kuler" "1.0.x"

"diff@3.5.0":
  "integrity" "sha512-A46qtFgd+g7pDZinpnwiRJtxbC1hpgf0uzP3iG89scHk0AUC7A1TGxf5OiiOUv/JMZR8GOt8hL900hV0bOy5xA=="
  "resolved" "https://registry.npmjs.org/diff/-/diff-3.5.0.tgz"
  "version" "3.5.0"

"ecc-jsbn@~0.1.1":
  "integrity" "sha1-OoOpBOVDUyh4dMVkt1SThoSamMk= sha512-eh9O+hwRHNbG4BLTjEl3nw044CkGm5X6LoaCf7LPp7UU8Qrt47JYNi6nPX8xjW97TKGKm1ouctg0QSpZe9qrnw=="
  "resolved" "https://registry.npmjs.org/ecc-jsbn/-/ecc-jsbn-0.1.2.tgz"
  "version" "0.1.2"
  dependencies:
    "jsbn" "~0.1.0"
    "safer-buffer" "^2.1.0"

"enabled@1.0.x":
  "integrity" "sha1-ll9lE9LC0cX0ZStkouM5ZGf8L5M= sha512-nnzgVSpB35qKrUN8358SjO1bYAmxoThECTWw9s3J0x5G8A9hokKHVDFzBjVpCoSryo6MhN8woVyascN5jheaNA=="
  "resolved" "https://registry.npmjs.org/enabled/-/enabled-1.0.2.tgz"
  "version" "1.0.2"
  dependencies:
    "env-variable" "0.0.x"

"env-variable@0.0.x":
  "integrity" "sha512-zoB603vQReOFvTg5xMl9I1P2PnHsHQQKTEowsKKD7nseUfJq6UWzK+4YtlWUO1nhiQUxe6XMkk+JleSZD1NZFA=="
  "resolved" "https://registry.npmjs.org/env-variable/-/env-variable-0.0.5.tgz"
  "version" "0.0.5"

"escape-string-regexp@1.0.5":
  "integrity" "sha1-G2HAViGQqN/2rjuyzwIAyhMLhtQ= sha512-vbRorB5FUQWvla16U8R/qgaFIya2qGzwDrNmCZuYKrbdSUMG6I1ZCGQRefkRVhuOkIGVne7BQ35DSfo1qvJqFg=="
  "resolved" "https://registry.npmjs.org/escape-string-regexp/-/escape-string-regexp-1.0.5.tgz"
  "version" "1.0.5"

"extend@~3.0.2":
  "integrity" "sha512-fjquC59cD7CyW6urNXK0FBufkZcoiGG80wTuPujX590cB5Ttln20E2UB4S/WARVqhXffZl2LNgS+gQdPIIim/g=="
  "resolved" "https://registry.npmjs.org/extend/-/extend-3.0.2.tgz"
  "version" "3.0.2"

"extsprintf@^1.2.0", "extsprintf@1.3.0":
  "integrity" "sha1-lpGEQOMEGnpBT4xS48V06zw+HgU= sha512-11Ndz7Nv+mvAC1j0ktTa7fAb0vLyGGX+rMHNBYQviQDGU0Hw7lhctJANqbPhu9nV9/izT/IntTgZ7Im/9LJs9g=="
  "resolved" "https://registry.npmjs.org/extsprintf/-/extsprintf-1.3.0.tgz"
  "version" "1.3.0"

"fast-deep-equal@^1.0.0":
  "integrity" "sha1-wFNHeBfIa1HaqFPIHgWbcz0CNhQ= sha512-fueX787WZKCV0Is4/T2cyAdM4+x1S3MXXOAhavE1ys/W42SHAPacLTQhucja22QBYrfGw50M2sRiXPtTGv9Ymw=="
  "resolved" "https://registry.npmjs.org/fast-deep-equal/-/fast-deep-equal-1.1.0.tgz"
  "version" "1.1.0"

"fast-json-stable-stringify@^2.0.0":
  "integrity" "sha1-1RQsDK7msRifh9OnYREGT4bIu/I= sha512-eIgZvM9C3P05kg0qxfqaVU6Tma4QedCPIByQOcemV0vju8ot3cS2DpHi4m2G2JvbSMI152rjfLX0p1pkSdyPlQ=="
  "resolved" "https://registry.npmjs.org/fast-json-stable-stringify/-/fast-json-stable-stringify-2.0.0.tgz"
  "version" "2.0.0"

"fast-safe-stringify@^2.0.4":
  "integrity" "sha512-q8BZ89jjc+mz08rSxROs8VsrBBcn1SIw1kq9NjolL509tkABRk9io01RAjSaEv1Xb2uFLt8VtRiZbGp5H8iDtg=="
  "resolved" "https://registry.npmjs.org/fast-safe-stringify/-/fast-safe-stringify-2.0.6.tgz"
  "version" "2.0.6"

"fecha@^2.3.3":
  "integrity" "sha512-lUGBnIamTAwk4znq5BcqsDaxSmZ9nDVJaij6NvRt/Tg4R69gERA+otPKbS86ROw9nxVMw2/mp1fnaiWqbs6Sdg=="
  "resolved" "https://registry.npmjs.org/fecha/-/fecha-2.3.3.tgz"
  "version" "2.3.3"

"forever-agent@~0.6.1":
  "integrity" "sha1-+8cfDEGt6zf5bFd60e1C2P2sypE= sha512-j0KLYPhm6zeac4lz3oJ3o65qvgQCcPubiyotZrXqEaG4hNagNYO8qdlUrX5vwqv9ohqeT/Z3j6+yW067yWWdUw=="
  "resolved" "https://registry.npmjs.org/forever-agent/-/forever-agent-0.6.1.tgz"
  "version" "0.6.1"

"form-data@~2.3.2":
  "integrity" "sha1-SXBJi+YEwgwAXU9cI67NIda0kJk= sha512-6DD2fGWwyxCca2EASUT50GsxWEuwNQDpjMhD9TTaBvI1NE3nLkCr5v7nRdtlmG5g+mNqosdOVHVro+UGmp0Kcw=="
  "resolved" "https://registry.npmjs.org/form-data/-/form-data-2.3.2.tgz"
  "version" "2.3.2"
  dependencies:
    "asynckit" "^0.4.0"
    "combined-stream" "1.0.6"
    "mime-types" "^2.1.12"

"fs.realpath@^1.0.0":
  "integrity" "sha1-FQStJSMVjKpA20onh8sBQRmU6k8= sha512-OO0pH2lK6a0hZnAdau5ItzHPI6pUlvI7jMVnxUQRtw4owF2wk8lOSabtGDCTP4Ggrg2MbGnWO9X8K1t4+fGMDw=="
  "resolved" "https://registry.npmjs.org/fs.realpath/-/fs.realpath-1.0.0.tgz"
  "version" "1.0.0"

"getpass@^0.1.1":
  "integrity" "sha1-Xv+OPmhNVprkyysSgmBOi6YhSfo= sha512-0fzj9JxOLfJ+XGLhR8ze3unN0KZCgZwiSSDz168VERjK8Wl8kVSdcu2kspd4s4wtAa1y/qrVRiAA0WclVsu0ng=="
  "resolved" "https://registry.npmjs.org/getpass/-/getpass-0.1.7.tgz"
  "version" "0.1.7"
  dependencies:
    "assert-plus" "^1.0.0"

"glob@7.1.2":
  "integrity" "sha512-MJTUg1kjuLeQCJ+ccE4Vpa6kKVXkPYJ2mOCQyUuKLcLQsdrMCpBPUi8qVE6+YuaJkozeA9NusTAw3hLr8Xe5EQ=="
  "resolved" "https://registry.npmjs.org/glob/-/glob-7.1.2.tgz"
  "version" "7.1.2"
  dependencies:
    "fs.realpath" "^1.0.0"
    "inflight" "^1.0.4"
    "inherits" "2"
    "minimatch" "^3.0.4"
    "once" "^1.3.0"
    "path-is-absolute" "^1.0.0"

"graceful-fs@^4.1.11":
  "integrity" "sha512-6uHUhOPEBgQ24HM+r6b/QwWfZq+yiFcipKFrOFiBEnWdy5sdzYoi+pJeQaPI5qOLRFqWmAXUPQNsielzdLoecA=="
  "resolved" "https://registry.npmjs.org/graceful-fs/-/graceful-fs-4.1.15.tgz"
  "version" "4.1.15"

"growl@1.10.5":
  "integrity" "sha512-qBr4OuELkhPenW6goKVXiv47US3clb3/IbuWF9KNKEijAy9oeHxU9IgzjvJhHkUzhaj7rOUD7+YGWqUjLp5oSA=="
  "resolved" "https://registry.npmjs.org/growl/-/growl-1.10.5.tgz"
  "version" "1.10.5"

"har-schema@^2.0.0":
  "integrity" "sha1-qUwiJOvKwEeCoNkDVSHyRzW37JI= sha512-Oqluz6zhGX8cyRaTQlFMPw80bSJVG2x/cFb8ZPhUILGgHka9SsokCCOQgpveePerqidZOrT14ipqfJb7ILcW5Q=="
  "resolved" "https://registry.npmjs.org/har-schema/-/har-schema-2.0.0.tgz"
  "version" "2.0.0"

"har-validator@~5.1.0":
  "integrity" "sha512-+qnmNjI4OfH2ipQ9VQOw23bBd/ibtfbVdK2fYbY4acTDqKTW/YDp9McimZdDbG8iV9fZizUqQMD5xvriB146TA=="
  "resolved" "https://registry.npmjs.org/har-validator/-/har-validator-5.1.0.tgz"
  "version" "5.1.0"
  dependencies:
    "ajv" "^5.3.0"
    "har-schema" "^2.0.0"

"has-flag@^3.0.0":
  "integrity" "sha1-tdRU3CGZriJWmfNGfloH87lVuv0= sha512-sKJf1+ceQBr4SMkvQnBDNDtf4TXpVhVGateu0t918bl30FnbE2m4vNLX+VWe/dpjlb+HugGYzW7uQXH98HPEYw=="
  "resolved" "https://registry.npmjs.org/has-flag/-/has-flag-3.0.0.tgz"
  "version" "3.0.0"

"he@1.1.1":
  "integrity" "sha1-k0EP0hsAlzUVH4howvJx80J+I/0= sha512-z/GDPjlRMNOa2XJiB4em8wJpuuBfrFOlYKTZxtpkdr1uPdibHI8rYA3MY0KDObpVyaes0e/aunid/t88ZI2EKA=="
  "resolved" "https://registry.npmjs.org/he/-/he-1.1.1.tgz"
  "version" "1.1.1"

"http-signature@~1.2.0":
  "integrity" "sha1-muzZJRFHcvPZW2WmCruPfBj7rOE= sha512-CAbnr6Rz4CYQkLYUtSNXxQPUH2gK8f3iWexVlsnMeD+GjlsQ0Xsy1cOX+mN3dtxYomRy21CiOzU8Uhw6OwncEQ=="
  "resolved" "https://registry.npmjs.org/http-signature/-/http-signature-1.2.0.tgz"
  "version" "1.2.0"
  dependencies:
    "assert-plus" "^1.0.0"
    "jsprim" "^1.2.2"
    "sshpk" "^1.7.0"

"imurmurhash@^0.1.4":
  "integrity" "sha1-khi5srkoojixPcT7a21XbyMUU+o= sha512-JmXMZ6wuvDmLiHEml9ykzqO6lwFbof0GG4IkcGaENdCRDDmMVnny7s5HsIgHCbaq0w2MyPhDqkhTUgS2LU2PHA=="
  "resolved" "https://registry.npmjs.org/imurmurhash/-/imurmurhash-0.1.4.tgz"
  "version" "0.1.4"

"inflight@^1.0.4":
  "integrity" "sha1-Sb1jMdfQLQwJvJEKEHW6gWW1bfk= sha512-k92I/b08q4wvFscXCLvqfsHCrjrF7yiXsQuIVvVE7N82W3+aqpzuUdBbfhWcy/FZR3/4IgflMgKLOsvPDrGCJA=="
  "resolved" "https://registry.npmjs.org/inflight/-/inflight-1.0.6.tgz"
  "version" "1.0.6"
  dependencies:
    "once" "^1.3.0"
    "wrappy" "1"

"inherits@~2.0.3", "inherits@2":
  "integrity" "sha1-Yzwsg+PaQqUC9SRmAiSA9CCCYd4= sha512-x00IRNXNy63jwGkJmzPigoySHbaqpNuzKbBOmzK+g2OdZpQ9w+sxCN+VSB3ja7IAge2OP2qpfxTjeNcyjmW1uw=="
  "resolved" "https://registry.npmjs.org/inherits/-/inherits-2.0.3.tgz"
  "version" "2.0.3"

"is-arrayish@^0.3.1":
  "integrity" "sha512-eVRqCvVlZbuw3GrM63ovNSNAeA1K16kaR/LRY/92w0zxQ5/1YzwblUX652i4Xs9RwAGjW9d9y6X88t8OaAJfWQ=="
  "resolved" "https://registry.npmjs.org/is-arrayish/-/is-arrayish-0.3.2.tgz"
  "version" "0.3.2"

"is-stream@^1.1.0":
  "integrity" "sha1-EtSj3U5o4Lec6428hBc66A2RykQ= sha512-uQPm8kcs47jx38atAcWTVxyltQYoPT68y9aWYdV6yWXSyW8mzSat0TL6CiWdZeCdF3KrAvpVtnHbTv4RN+rqdQ=="
  "resolved" "https://registry.npmjs.org/is-stream/-/is-stream-1.1.0.tgz"
  "version" "1.1.0"

"is-typedarray@~1.0.0":
  "integrity" "sha1-5HnICFjfDBsR3dppQPlgEfzaSpo= sha512-cyA56iCMHAh5CdzjJIa4aohJyeO1YbwLi3Jc35MmRU6poroFjIGZzUzupGiRPOjgHg9TLu43xbpwXk523fMxKA=="
  "resolved" "https://registry.npmjs.org/is-typedarray/-/is-typedarray-1.0.0.tgz"
  "version" "1.0.0"

"isarray@~1.0.0":
  "integrity" "sha1-u5NdSFgsuhaMBoNJV6VKPgcSTxE= sha512-VLghIWNM6ELQzo7zwmcg0NmTVyWKYjvIeM83yjp0wRDTmUnrM678fQbcKBo6n2CJEF0szoG//ytg+TKla89ALQ=="
  "resolved" "https://registry.npmjs.org/isarray/-/isarray-1.0.0.tgz"
  "version" "1.0.0"

"isstream@~0.1.2":
  "integrity" "sha1-R+Y/evVa+m+S4VAOaQ64uFKcCZo= sha512-Yljz7ffyPbrLpLngrMtZ7NduUgVvi6wG9RJ9IUcyCd59YQ911PBJphODUcbOVbqYfxe1wuYf/LJ8PauMRwsM/g=="
  "resolved" "https://registry.npmjs.org/isstream/-/isstream-0.1.2.tgz"
  "version" "0.1.2"

"jsbn@~0.1.0":
  "integrity" "sha1-peZUwuWi3rXyAdls77yoDA7y9RM= sha512-UVU9dibq2JcFWxQPA6KCqj5O42VOmAY3zQUfEKxU0KpTGXwNoCjkX1e13eHNvw/xPynt6pU0rZ1htjWTNTSXsg=="
  "resolved" "https://registry.npmjs.org/jsbn/-/jsbn-0.1.1.tgz"
  "version" "0.1.1"

"json-schema-traverse@^0.3.0":
  "integrity" "sha1-NJptRMU6Ud6JtAgFxdXlm0F9M0A= sha512-4JD/Ivzg7PoW8NzdrBSr3UFwC9mHgvI7Z6z3QGBsSHgKaRTUDmyZAAKJo2UbG1kUVfS9WS8bi36N49U1xw43DA=="
  "resolved" "https://registry.npmjs.org/json-schema-traverse/-/json-schema-traverse-0.3.1.tgz"
  "version" "0.3.1"

"json-schema@0.2.3":
  "integrity" "sha1-tIDIkuWaLwWVTOcnvT8qTogvnhM= sha512-a3xHnILGMtk+hDOqNwHzF6e2fNbiMrXZvxKQiEv2MlgQP+pjIOzqAmKYD2mDpXYE/44M7g+n9p2bKkYWDUcXCQ=="
  "resolved" "https://registry.npmjs.org/json-schema/-/json-schema-0.2.3.tgz"
  "version" "0.2.3"

"json-stringify-safe@~5.0.1":
  "integrity" "sha1-Epai1Y/UXxmg9s4B1lcB4sc1tus= sha512-ZClg6AaYvamvYEE82d3Iyd3vSSIjQ+odgjaTzRuO3s7toCdFKczob2i0zCh7JE8kWn17yvAWhUVxvqGwUalsRA=="
  "resolved" "https://registry.npmjs.org/json-stringify-safe/-/json-stringify-safe-5.0.1.tgz"
  "version" "5.0.1"

"jsprim@^1.2.2":
  "integrity" "sha1-MT5mvB5cwG5Di8G3SZwuXFastqI= sha512-4Dj8Rf+fQ+/Pn7C5qeEX02op1WfOss3PKTE9Nsop3Dx+6UPxlm1dr/og7o2cRa5hNN07CACr4NFzRLtj/rjWog=="
  "resolved" "https://registry.npmjs.org/jsprim/-/jsprim-1.4.1.tgz"
  "version" "1.4.1"
  dependencies:
    "assert-plus" "1.0.0"
    "extsprintf" "1.3.0"
    "json-schema" "0.2.3"
    "verror" "1.10.0"

"kuler@1.0.x":
  "integrity" "sha512-J9nVUucG1p/skKul6DU3PUZrhs0LPulNaeUOox0IyXDi8S4CztTHs1gQphhuZmzXG7VOQSf6NJfKuzteQLv9gQ=="
  "resolved" "https://registry.npmjs.org/kuler/-/kuler-1.0.1.tgz"
  "version" "1.0.1"
  dependencies:
    "colornames" "^1.1.1"

"lodash@^4.17.10", "lodash@^4.17.19":
  "integrity" "sha512-v2kDEe57lecTulaDIuNTPy3Ry4gLGJ6Z1O3vE1krgXZNrsQ+LFTGHVxVjcXPs17LhbZVGedAJv8XZ1tvj5FvSg=="
  "resolved" "https://registry.npmjs.org/lodash/-/lodash-4.17.21.tgz"
  "version" "4.17.21"

"logform@^1.9.1":
  "integrity" "sha512-em5ojIhU18fIMOw/333mD+ZLE2fis0EzXl1ZwHx4iQzmpQi6odNiY/t+ITNr33JZhT9/KEaH+UPIipr6a9EjWg=="
  "resolved" "https://registry.npmjs.org/logform/-/logform-1.10.0.tgz"
  "version" "1.10.0"
  dependencies:
    "colors" "^1.2.1"
    "fast-safe-stringify" "^2.0.4"
    "fecha" "^2.3.3"
    "ms" "^2.1.1"
    "triple-beam" "^1.2.0"

"mime-db@~1.36.0":
  "integrity" "sha512-L+xvyD9MkoYMXb1jAmzI/lWYAxAMCPvIBSWur0PZ5nOf5euahRLVqH//FKW9mWp2lkqUgYiXPgkzfMUFi4zVDw=="
  "resolved" "https://registry.npmjs.org/mime-db/-/mime-db-1.36.0.tgz"
  "version" "1.36.0"

"mime-types@^2.1.12", "mime-types@~2.1.19":
  "integrity" "sha512-HrkrPaP9vGuWbLK1B1FfgAkbqNjIuy4eHlIYnFi7kamZyLLrGlo2mpcx0bBmNpKqBtYtAfGbodDddIgddSJC2A=="
  "resolved" "https://registry.npmjs.org/mime-types/-/mime-types-2.1.20.tgz"
  "version" "2.1.20"
  dependencies:
    "mime-db" "~1.36.0"

"minimatch@^3.0.4", "minimatch@3.0.4":
  "integrity" "sha512-yJHVQEhyqPLUTgt9B83PXu6W3rx4MvvHvSUvToogpwoGDOUQ+yDrR0HRot+yOCdCO7u4hX3pWft6kWBBcqh0UA=="
  "resolved" "https://registry.npmjs.org/minimatch/-/minimatch-3.0.4.tgz"
  "version" "3.0.4"
  dependencies:
    "brace-expansion" "^1.1.7"

"minimist@0.0.8":
  "integrity" "sha1-hX/Kv8M5fSYluCKCYuhqp6ARsF0= sha512-miQKw5Hv4NS1Psg2517mV4e4dYNaO3++hjAvLOAzKqZ61rH8NS1SK+vbfBWZ5PY/Me/bEWhUwqMghEW5Fb9T7Q=="
  "resolved" "https://registry.npmjs.org/minimist/-/minimist-0.0.8.tgz"
  "version" "0.0.8"

"mkdirp@0.5.1":
  "integrity" "sha1-MAV0OOrGz3+MR2fzhkjWaX11yQM= sha512-SknJC52obPfGQPnjIkXbmA6+5H15E+fR+E4iR2oQ3zzCLbd7/ONua69R/Gw7AgkTLsRG+r5fzksYwWe1AgTyWA=="
  "resolved" "https://registry.npmjs.org/mkdirp/-/mkdirp-0.5.1.tgz"
  "version" "0.5.1"
  dependencies:
    "minimist" "0.0.8"

"mocha@^5.2.0":
  "integrity" "sha512-2IUgKDhc3J7Uug+FxMXuqIyYzH7gJjXECKe/w43IGgQHTSj3InJi+yAA7T24L9bQMRKiUEHxEX37G5JpVUGLcQ=="
  "resolved" "https://registry.npmjs.org/mocha/-/mocha-5.2.0.tgz"
  "version" "5.2.0"
  dependencies:
    "browser-stdout" "1.3.1"
    "commander" "2.15.1"
    "debug" "3.1.0"
    "diff" "3.5.0"
    "escape-string-regexp" "1.0.5"
    "glob" "7.1.2"
    "growl" "1.10.5"
    "he" "1.1.1"
    "minimatch" "3.0.4"
    "mkdirp" "0.5.1"
    "supports-color" "5.4.0"

"moment@^2.22.2":
  "integrity" "sha1-PCV/mDn8DpP/UxSWMiOeuQeD/2Y= sha512-LRvkBHaJGnrcWvqsElsOhHCzj8mU39wLx5pQ0pc6s153GynCTsPdGdqsVNKAQD9sKnWj11iF7TZx9fpLwdD3fw=="
  "resolved" "https://registry.npmjs.org/moment/-/moment-2.22.2.tgz"
  "version" "2.22.2"

"ms@^2.1.1":
  "integrity" "sha512-tgp+dl5cGk28utYktBsrFqA7HKgrhgPsg6Z/EfhWI4gl1Hwq8B/GmY/0oXZ6nF8hDVesS/FpnYaD/kOWhYQvyg=="
  "resolved" "https://registry.npmjs.org/ms/-/ms-2.1.1.tgz"
  "version" "2.1.1"

"ms@2.0.0":
  "integrity" "sha1-VgiurfwAvmwpAd9fmGF4jeDVl8g= sha512-Tpp60P6IUJDTuOq/5Z8cdskzJujfwqfOTkrwIwj7IRISpnkJnT6SyJ4PCPnGMoFjC9ddhal5KVIYtAt97ix05A=="
  "resolved" "https://registry.npmjs.org/ms/-/ms-2.0.0.tgz"
  "version" "2.0.0"

"node-localstorage@^1.3.1":
  "integrity" "sha512-NMWCSWWc6JbHT5PyWlNT2i8r7PgGYXVntmKawY83k/M0UJScZ5jirb61TLnqKwd815DfBQu+lR3sRw08SPzIaQ=="
  "resolved" "https://registry.npmjs.org/node-localstorage/-/node-localstorage-1.3.1.tgz"
  "version" "1.3.1"
  dependencies:
    "write-file-atomic" "^1.1.4"

"oauth-sign@~0.9.0":
  "integrity" "sha512-fexhUFFPTGV8ybAtSIGbV6gOkSv8UtRbDBnAyLQw4QPKkgNlsH2ByPGtMUqdWkos6YCRmAqViwgZrJc/mRDzZQ=="
  "resolved" "https://registry.npmjs.org/oauth-sign/-/oauth-sign-0.9.0.tgz"
  "version" "0.9.0"

"once@^1.3.0":
  "integrity" "sha1-WDsap3WWHUsROsF9nFC6753Xa9E= sha512-lNaJgI+2Q5URQBkccEKHTQOPaXdUxnZZElQTZY0MFUAuaEqe1E+Nyvgdz/aIyNi6Z9MzO5dv1H8n58/GELp3+w=="
  "resolved" "https://registry.npmjs.org/once/-/once-1.4.0.tgz"
  "version" "1.4.0"
  dependencies:
    "wrappy" "1"

"one-time@0.0.4":
  "integrity" "sha1-+M33eISCb+Tf+T46nMN7HkSAdC4= sha512-qAMrwuk2xLEutlASoiPiAMW3EN3K96Ka/ilSXYr6qR1zSVXw2j7+yDSqGTC4T9apfLYxM3tLLjKvgPdAUK7kYQ=="
  "resolved" "https://registry.npmjs.org/one-time/-/one-time-0.0.4.tgz"
  "version" "0.0.4"

"path-is-absolute@^1.0.0":
  "integrity" "sha1-F0uSaHNVNP+8es5r9TpanhtcX18= sha512-AVbw3UJ2e9bq64vSaS9Am0fje1Pa8pbGqTTsmXfaIiMpnr5DlDhfJOuLj9Sf95ZPVDAUerDfEk88MPmPe7UCQg=="
  "resolved" "https://registry.npmjs.org/path-is-absolute/-/path-is-absolute-1.0.1.tgz"
  "version" "1.0.1"

"performance-now@^2.1.0":
  "integrity" "sha1-Ywn04OX6kT7BxpMHrjZLSzd8nns= sha512-7EAHlyLHI56VEIdK57uwHdHKIaAGbnXPiw0yWbarQZOKaKpvUIgW0jWRVLiatnM+XXlSwsanIBH/hzGMJulMow=="
  "resolved" "https://registry.npmjs.org/performance-now/-/performance-now-2.1.0.tgz"
  "version" "2.1.0"

"process-nextick-args@~2.0.0":
  "integrity" "sha512-MtEC1TqN0EU5nephaJ4rAtThHtC86dNN9qCuEhtshvpVBkAW5ZO7BASN9REnF9eoXGcRub+pFuKEpOHE+HbEMw=="
  "resolved" "https://registry.npmjs.org/process-nextick-args/-/process-nextick-args-2.0.0.tgz"
  "version" "2.0.0"

"psl@^1.1.24":
  "integrity" "sha512-AeUmQ0oLN02flVHXWh9sSJF7mcdFq0ppid/JkErufc3hGIV/AMa8Fo9VgDo/cT2jFdOWoFvHp90qqBH54W+gjQ=="
  "resolved" "https://registry.npmjs.org/psl/-/psl-1.1.29.tgz"
  "version" "1.1.29"

"punycode@^1.4.1":
  "integrity" "sha1-wNWmOycYgArY4esPpSachN1BhF4= sha512-jmYNElW7yvO7TV33CjSmvSiE2yco3bV2czu/OzDKdMNVZQWfxCblURLhf+47syQRBntjfLdd/H0egrzIG+oaFQ=="
  "resolved" "https://registry.npmjs.org/punycode/-/punycode-1.4.1.tgz"
  "version" "1.4.1"

"qs@~6.5.2":
  "integrity" "sha512-N5ZAX4/LxJmF+7wN74pUD6qAh9/wnvdQcjq9TZjevvXzSUo7bfmw91saqMjzGS2xq91/odN2dW/WOl7qQHNDGA=="
  "resolved" "https://registry.npmjs.org/qs/-/qs-6.5.2.tgz"
  "version" "6.5.2"

"readable-stream@^2.3.6":
  "integrity" "sha512-tQtKA9WIAhBF3+VLAseyMqZeBjW0AHJoxOtYqSUZNJxauErmLbVm2FW1y+J/YA9dUrAC39ITejlZWhVIwawkKw=="
  "resolved" "https://registry.npmjs.org/readable-stream/-/readable-stream-2.3.6.tgz"
  "version" "2.3.6"
  dependencies:
    "core-util-is" "~1.0.0"
    "inherits" "~2.0.3"
    "isarray" "~1.0.0"
    "process-nextick-args" "~2.0.0"
    "safe-buffer" "~5.1.1"
    "string_decoder" "~1.1.1"
    "util-deprecate" "~1.0.1"

"request-promise-core@1.1.4":
  "integrity" "sha512-TTbAfBBRdWD7aNNOoVOBH4pN/KigV6LyapYNNlAPA8JwbovRti1E88m3sYAwsLi5ryhPKsE9APwnjFTgdUjTpw=="
  "resolved" "https://registry.npmjs.org/request-promise-core/-/request-promise-core-1.1.4.tgz"
  "version" "1.1.4"
  dependencies:
    "lodash" "^4.17.19"

"request-promise@^4.2.6":
  "integrity" "sha512-HCHI3DJJUakkOr8fNoCc73E5nU5bqITjOYFMDrKHYOXWXrgD/SBaC7LjwuPymUprRyuF06UK7hd/lMHkmUXglQ=="
  "resolved" "https://registry.npmjs.org/request-promise/-/request-promise-4.2.6.tgz"
  "version" "4.2.6"
  dependencies:
    "bluebird" "^3.5.0"
    "request-promise-core" "1.1.4"
    "stealthy-require" "^1.1.1"
    "tough-cookie" "^2.3.3"

"request@^2.34", "request@^2.88.0":
  "integrity" "sha512-NAqBSrijGLZdM0WZNsInLJpkJokL72XYjUpnB0iwsRgxh7dB6COrHnTBNwN0E+lHDAJzu7kLAkDeY08z2/A0hg=="
  "resolved" "https://registry.npmjs.org/request/-/request-2.88.0.tgz"
  "version" "2.88.0"
  dependencies:
    "aws-sign2" "~0.7.0"
    "aws4" "^1.8.0"
    "caseless" "~0.12.0"
    "combined-stream" "~1.0.6"
    "extend" "~3.0.2"
    "forever-agent" "~0.6.1"
    "form-data" "~2.3.2"
    "har-validator" "~5.1.0"
    "http-signature" "~1.2.0"
    "is-typedarray" "~1.0.0"
    "isstream" "~0.1.2"
    "json-stringify-safe" "~5.0.1"
    "mime-types" "~2.1.19"
    "oauth-sign" "~0.9.0"
    "performance-now" "^2.1.0"
    "qs" "~6.5.2"
    "safe-buffer" "^5.1.2"
    "tough-cookie" "~2.4.3"
    "tunnel-agent" "^0.6.0"
    "uuid" "^3.3.2"

"safe-buffer@^5.0.1", "safe-buffer@^5.1.2", "safe-buffer@~5.1.0", "safe-buffer@~5.1.1":
  "integrity" "sha512-Gd2UZBJDkXlY7GbJxfsE8/nvKkUEU1G38c1siN6QP6a9PT9MmHB8GnpscSmMJSoF8LOIrt8ud/wPtojys4G6+g=="
  "resolved" "https://registry.npmjs.org/safe-buffer/-/safe-buffer-5.1.2.tgz"
  "version" "5.1.2"

"safer-buffer@^2.0.2", "safer-buffer@^2.1.0", "safer-buffer@~2.1.0":
  "integrity" "sha512-YZo3K82SD7Riyi0E1EQPojLz7kpepnSQI9IyPbHHg1XXXevb5dJI7tpyN2ADxGcQbHG7vcyRHk0cbwqcQriUtg=="
  "resolved" "https://registry.npmjs.org/safer-buffer/-/safer-buffer-2.1.2.tgz"
  "version" "2.1.2"

"simple-swizzle@^0.2.2":
  "integrity" "sha1-pNprY1/8zMoz9w0Xy5JZLeleVXo= sha512-JA//kQgZtbuY83m+xT+tXJkmJncGMTFT+C+g2h2R9uxkYIrE2yy9sgmcLhCnw57/WSD+Eh3J97FPEDFnbXnDUg=="
  "resolved" "https://registry.npmjs.org/simple-swizzle/-/simple-swizzle-0.2.2.tgz"
  "version" "0.2.2"
  dependencies:
    "is-arrayish" "^0.3.1"

"slide@^1.1.5":
  "integrity" "sha1-VusCfWW00tzmyy4tMsTUr8nh1wc= sha512-NwrtjCg+lZoqhFU8fOwl4ay2ei8PaqCBOUV3/ektPY9trO1yQ1oXEfmHAhKArUVUr/hOHvy5f6AdP17dCM0zMw=="
  "resolved" "https://registry.npmjs.org/slide/-/slide-1.1.6.tgz"
  "version" "1.1.6"

"sshpk@^1.7.0":
  "integrity" "sha1-xvxhZIo9nE52T9P8306hBeSSupg= sha512-XIQCY8Ye6pY6rRNG+eCQiHyapz1vDY4OsMowlmy31arzqWPjC9phqZoVy+F/Oyz5xjsaDwgBpIMQmhj1kSJJOA=="
  "resolved" "https://registry.npmjs.org/sshpk/-/sshpk-1.14.2.tgz"
  "version" "1.14.2"
  dependencies:
    "asn1" "~0.2.3"
    "assert-plus" "^1.0.0"
    "dashdash" "^1.12.0"
    "getpass" "^0.1.1"
    "safer-buffer" "^2.0.2"
  optionalDependencies:
    "bcrypt-pbkdf" "^1.0.0"
    "ecc-jsbn" "~0.1.1"
    "jsbn" "~0.1.0"
    "tweetnacl" "~0.14.0"

"stack-trace@0.0.x":
  "integrity" "sha1-VHxws0fo0ytOEI6hoqFZ5f3eGcA= sha512-KGzahc7puUKkzyMt+IqAep+TVNbKP+k2Lmwhub39m1AsTSkaDutx56aDCo+HLDzf/D26BIHTJWNiTG1KAJiQCg=="
  "resolved" "https://registry.npmjs.org/stack-trace/-/stack-trace-0.0.10.tgz"
  "version" "0.0.10"

"stealthy-require@^1.1.1":
  "integrity" "sha512-ZnWpYnYugiOVEY5GkcuJK1io5V8QmNYChG62gSit9pQVGErXtrKuPC55ITaVSukmMta5qpMU7vqLt2Lnni4f/g=="
  "resolved" "https://registry.npmjs.org/stealthy-require/-/stealthy-require-1.1.1.tgz"
  "version" "1.1.1"

"string_decoder@~1.1.1":
  "integrity" "sha512-n/ShnvDi6FHbbVfviro+WojiFzv+s8MPMHBczVePfUpDJLwoLT0ht1l4YwBCbi8pJAveEEdnkHyPyTP/mzRfwg=="
  "resolved" "https://registry.npmjs.org/string_decoder/-/string_decoder-1.1.1.tgz"
  "version" "1.1.1"
  dependencies:
    "safe-buffer" "~5.1.0"

"supports-color@5.4.0":
  "integrity" "sha512-zjaXglF5nnWpsq470jSv6P9DwPvgLkuapYmfDm3JWOm0vkNTVF2tI4UrN2r6jH1qM/uc/WtxYY1hYoA2dOKj5w=="
  "resolved" "https://registry.npmjs.org/supports-color/-/supports-color-5.4.0.tgz"
  "version" "5.4.0"
  dependencies:
    "has-flag" "^3.0.0"

"text-hex@1.0.x":
  "integrity" "sha512-uuVGNWzgJ4yhRaNSiubPY7OjISw4sw4E5Uv0wbjp+OzcbmVU/rsT8ujgcXJhn9ypzsgr5vlzpPqP+MBBKcGvbg=="
  "resolved" "https://registry.npmjs.org/text-hex/-/text-hex-1.0.0.tgz"
  "version" "1.0.0"

"tough-cookie@^2.3.3", "tough-cookie@~2.4.3":
  "integrity" "sha512-Q5srk/4vDM54WJsJio3XNn6K2sCG+CQ8G5Wz6bZhRZoAe/+TxjWB/GlFAnYEbkYVlON9FMk/fE3h2RLpPXo4lQ=="
  "resolved" "https://registry.npmjs.org/tough-cookie/-/tough-cookie-2.4.3.tgz"
  "version" "2.4.3"
  dependencies:
    "psl" "^1.1.24"
    "punycode" "^1.4.1"

"triple-beam@^1.2.0", "triple-beam@^1.3.0":
  "integrity" "sha512-XrHUvV5HpdLmIj4uVMxHggLbFSZYIn7HEWsqePZcI50pco+MPqJ50wMGY794X7AOOhxOBAjbkqfAbEe/QMp2Lw=="
  "resolved" "https://registry.npmjs.org/triple-beam/-/triple-beam-1.3.0.tgz"
  "version" "1.3.0"

"tunnel-agent@^0.6.0":
  "integrity" "sha1-J6XeoGs2sEoKmWZ3SykIaPD8QP0= sha512-McnNiV1l8RYeY8tBgEpuodCC1mLUdbSN+CYBL7kJsJNInOP8UjDDEwdk6Mw60vdLLrr5NHKZhMAOSrR2NZuQ+w=="
  "resolved" "https://registry.npmjs.org/tunnel-agent/-/tunnel-agent-0.6.0.tgz"
  "version" "0.6.0"
  dependencies:
    "safe-buffer" "^5.0.1"

"tweetnacl@^0.14.3", "tweetnacl@~0.14.0":
  "integrity" "sha1-WuaBd/GS1EViadEIr6k/+HQ/T2Q= sha512-KXXFFdAbFXY4geFIwoyNK+f5Z1b7swfXABfL7HXCmoIWMKU3dmS26672A4EeQtDzLKy7SXmfBu51JolvEKwtGA=="
  "resolved" "https://registry.npmjs.org/tweetnacl/-/tweetnacl-0.14.5.tgz"
  "version" "0.14.5"

"util-deprecate@~1.0.1":
  "integrity" "sha1-RQ1Nyfpw3nMnYvvS1KKJgUGaDM8= sha512-EPD5q1uXyFxJpCrLnCc1nHnq3gOa6DZBocAIiI2TaSCA7VCJ1UJDMagCzIkXNsUYfD1daK//LTEQ8xiIbrHtcw=="
  "resolved" "https://registry.npmjs.org/util-deprecate/-/util-deprecate-1.0.2.tgz"
  "version" "1.0.2"

"uuid@^3.3.2":
  "integrity" "sha512-yXJmeNaw3DnnKAOKJE51sL/ZaYfWJRl1pK9dr19YFCu0ObS231AB1/LbqTKRAQ5kw8A90rA6fr4riOUpTZvQZA=="
  "resolved" "https://registry.npmjs.org/uuid/-/uuid-3.3.2.tgz"
  "version" "3.3.2"

"verror@1.10.0":
  "integrity" "sha1-OhBcoXBTr1XW4nDB+CiGguGNpAA= sha512-ZZKSmDAEFOijERBLkmYfJ+vmk3w+7hOLYDNkRCuRuMJGEmqYNCNLyBBFwWKVMhfwaEF3WOd0Zlw86U/WC/+nYw=="
  "resolved" "https://registry.npmjs.org/verror/-/verror-1.10.0.tgz"
  "version" "1.10.0"
  dependencies:
    "assert-plus" "^1.0.0"
    "core-util-is" "1.0.2"
    "extsprintf" "^1.2.0"

"winston-transport@^4.2.0":
  "integrity" "sha512-0R1bvFqxSlK/ZKTH86nymOuKv/cT1PQBMuDdA7k7f0S9fM44dNH6bXnuxwXPrN8lefJgtZq08BKdyZ0DZIy/rg=="
  "resolved" "https://registry.npmjs.org/winston-transport/-/winston-transport-4.2.0.tgz"
  "version" "4.2.0"
  dependencies:
    "readable-stream" "^2.3.6"
    "triple-beam" "^1.2.0"

"winston@^3.1.0":
  "integrity" "sha512-FsQfEE+8YIEeuZEYhHDk5cILo1HOcWkGwvoidLrDgPog0r4bser1lEIOco2dN9zpDJ1M88hfDgZvxe5z4xNcwg=="
  "resolved" "https://registry.npmjs.org/winston/-/winston-3.1.0.tgz"
  "version" "3.1.0"
  dependencies:
    "async" "^2.6.0"
    "diagnostics" "^1.1.1"
    "is-stream" "^1.1.0"
    "logform" "^1.9.1"
    "one-time" "0.0.4"
    "readable-stream" "^2.3.6"
    "stack-trace" "0.0.x"
    "triple-beam" "^1.3.0"
    "winston-transport" "^4.2.0"

"wrappy@1":
  "integrity" "sha1-tSQ9jz7BqjXxNkYFvA0QNuMKtp8= sha512-l4Sp/DRseor9wL6EvV2+TuQn63dMkPjZ/sp9XkghTEbV9KlPS1xUsZ3u7/IQO4wxtcFB4bgpQPRcR3QCvezPcQ=="
  "resolved" "https://registry.npmjs.org/wrappy/-/wrappy-1.0.2.tgz"
  "version" "1.0.2"

"write-file-atomic@^1.1.4":
  "integrity" "sha1-+Aek8LHZ6ROuekgRLmzDrxmRtF8= sha512-SdrHoC/yVBPpV0Xq/mUZQIpW2sWXAShb/V4pomcJXh92RuaO+f3UTWItiR3Px+pLnV2PvC2/bfn5cwr5X6Vfxw=="
  "resolved" "https://registry.npmjs.org/write-file-atomic/-/write-file-atomic-1.3.4.tgz"
  "version" "1.3.4"
  dependencies:
    "graceful-fs" "^4.1.11"
    "imurmurhash" "^0.1.4"
    "slide" "^1.1.5"
